<Solution>
  <Folder Name="/Examples/">
    <Project Path="Examples/UltimateFlags.Api/UltimateFlags.Api.csproj" />
  </Folder>
  <Folder Name="/Tests/">
    <Project Path="Tests/UltimateFlags.EF.IntegrationTests/UltimateFlags.EF.IntegrationTests.csproj" />
    <Project Path="Tests/UltimateFlags.EF.UnitTests/UltimateFlags.EF.UnitTests.csproj" />
    <Project Path="Tests/UltimateFlags.IntegrationTests/UltimateFlags.IntegrationTests.csproj" />
    <Project Path="Tests/UltimateFlags.UnitTests/UltimateFlags.UnitTests.csproj" />
  </Folder>
  <Folder Name="/UltimateFlags/">
    <Project Path="UltimateFlags/UltimateFlags.Abstraction/UltimateFlags.Abstraction.csproj" />
    <Project Path="UltimateFlags/UltimateFlags.EF/UltimateFlags.EF.csproj" />
    <Project Path="UltimateFlags/UltimateFlags/UltimateFlags.csproj" />
  </Folder>
  <Folder Name="/_SolutionItems/">
    <File Path=".editorconfig" />
    <File Path=".gitignore" />
    <File Path="LICENSE" />
    <File Path="README.md" />
    <File Path="UltimateFlags.sln.DotSettings" />
  </Folder>
</Solution>
